
Microsoft Visual Studio Solution File, Format Version 12.00
# Visual Studio Version 17
VisualStudioVersion = 17.9.34526.213
MinimumVisualStudioVersion = 10.0.40219.1
Project("{FAE04EC0-301F-11D3-BF4B-00C04F79EFBC}") = "TwoPlayerPong", "TwoPlayerPong.csproj", "{ABF4977E-C628-4EC2-88F8-EA557A36F81F}"
EndProject
Global
	GlobalSection(SolutionConfigurationPlatforms) = preSolution
		Debug|Any CPU = Debug|Any CPU
		Release|Any CPU = Release|Any CPU
	EndGlobalSection
	GlobalSection(ProjectConfigurationPlatforms) = postSolution
		{ABF4977E-C628-4EC2-88F8-EA557A36F81F}.Debug|Any CPU.ActiveCfg = Debug|Any CPU
		{ABF4977E-C628-4EC2-88F8-EA557A36F81F}.Debug|Any CPU.Build.0 = Debug|Any CPU
		{ABF4977E-C628-4EC2-88F8-EA557A36F81F}.Release|Any CPU.ActiveCfg = Release|Any CPU
		{ABF4977E-C628-4EC2-88F8-EA557A36F81F}.Release|Any CPU.Build.0 = Release|Any CPU
	EndGlobalSection
	GlobalSection(SolutionProperties) = preSolution
		HideSolutionNode = FALSE
	EndGlobalSection
	GlobalSection(ExtensibilityGlobals) = postSolution
		SolutionGuid = {B035665B-958F-4C13-8D1C-3F6B7221182F}
	EndGlobalSection
EndGlobal
